
Microsoft Visual Studio Solution File, Format Version 12.00
# Visual Studio Version 16
VisualStudioVersion = 16.0.34031.81
MinimumVisualStudioVersion = 10.0.40219.1
Project("{2150E333-8FDC-42A3-9474-1A3956D46DE8}") = "Task0", "Task0", "{D135A204-B57D-4124-BAB5-4EAAA32EE995}"
EndProject
Project("{FAE04EC0-301F-11D3-BF4B-00C04F79EFBC}") = "Tyuiu.SorokinMA.Sprint4.Task0.V10", "Tyuiu.SorokinMA.Sprint4.Task0.V10\Tyuiu.SorokinMA.Sprint4.Task0.V10.csproj", "{45CF6A10-DDEF-4083-B569-6E9261700384}"
EndProject
Project("{FAE04EC0-301F-11D3-BF4B-00C04F79EFBC}") = "Tyuiu.SorokinMA.Sprint4.Task0.V10.Lib", "Tyuiu.SorokinMA.Sprint4.Task0.V10.Lib\Tyuiu.SorokinMA.Sprint4.Task0.V10.Lib.csproj", "{3760078C-C009-4EF9-90CC-4F50521D6248}"
EndProject
Project("{FAE04EC0-301F-11D3-BF4B-00C04F79EFBC}") = "Tyuiu.SorokinMA.Sprint4.Task0.V10.Test", "Tyuiu.SorokinMA.Sprint4.Task0.V10.Test\Tyuiu.SorokinMA.Sprint4.Task0.V10.Test.csproj", "{AAF4E90B-07C3-41BC-B652-32F655C7DC80}"
EndProject
Project("{2150E333-8FDC-42A3-9474-1A3956D46DE8}") = "Task1", "Task1", "{E8D64BE5-C9E2-4CAB-A806-F1E29BFBB6D9}"
EndProject
Project("{FAE04EC0-301F-11D3-BF4B-00C04F79EFBC}") = "Tyuiu.SorokinMA.Sprint4.Task1.V14", "Tyuiu.SorokinMA.Sprint4.Task1.V14\Tyuiu.SorokinMA.Sprint4.Task1.V14.csproj", "{91FC29B1-B3C2-4F6A-ABD5-37FD9C9B9DDA}"
EndProject
Project("{FAE04EC0-301F-11D3-BF4B-00C04F79EFBC}") = "Tyuiu.SorokinMA.Sprint4.Task1.V14.Lib", "Tyuiu.SorokinMA.Sprint4.Task1.V14.Lib\Tyuiu.SorokinMA.Sprint4.Task1.V14.Lib.csproj", "{0D23D278-7C23-4769-A932-BDF1025CBA7C}"
EndProject
Project("{FAE04EC0-301F-11D3-BF4B-00C04F79EFBC}") = "Tyuiu.SorokinMA.Sprint4.Task1.V14.Test", "Tyuiu.SorokinMA.Sprint4.Task1.V14.Test\Tyuiu.SorokinMA.Sprint4.Task1.V14.Test.csproj", "{DE285FA7-455C-4F07-B03C-930B85C365AD}"
EndProject
Project("{2150E333-8FDC-42A3-9474-1A3956D46DE8}") = "Task2", "Task2", "{3D389A6C-0A15-4760-A601-48F0A6C9163D}"
EndProject
Project("{FAE04EC0-301F-11D3-BF4B-00C04F79EFBC}") = "Tyuiu.SorokinMA.Sprint4.Task2.V10", "Tyuiu.SorokinMA.Sprint4.Task2.V10\Tyuiu.SorokinMA.Sprint4.Task2.V10.csproj", "{2ECDBF06-93A4-4F0A-A064-78D6B238F83D}"
EndProject
Project("{FAE04EC0-301F-11D3-BF4B-00C04F79EFBC}") = "Tyuiu.SorokinMA.Sprint4.Task2.V10.Lib", "Tyuiu.SorokinMA.Sprint4.Task2.V10.Lib\Tyuiu.SorokinMA.Sprint4.Task2.V10.Lib.csproj", "{3A659AA4-FABB-4EC1-959F-6FD699023818}"
EndProject
Project("{FAE04EC0-301F-11D3-BF4B-00C04F79EFBC}") = "Tyuiu.SorokinMA.Sprint4.Task2.V10.Test", "Tyuiu.SorokinMA.Sprint4.Task2.V10.Test\Tyuiu.SorokinMA.Sprint4.Task2.V10.Test.csproj", "{B1A1198F-5834-49DD-8A55-2A1B39692895}"
EndProject
Project("{2150E333-8FDC-42A3-9474-1A3956D46DE8}") = "Task3", "Task3", "{BA55B460-A05B-4532-AD93-CA6EAF69A28C}"
EndProject
Project("{FAE04EC0-301F-11D3-BF4B-00C04F79EFBC}") = "Tyuiu.SorokinMA.Sprint4.Task3.V14", "Tyuiu.SorokinMA.Sprint4.Task3.V14\Tyuiu.SorokinMA.Sprint4.Task3.V14.csproj", "{35568F63-9BB3-4FAD-9784-42C91D39AD8B}"
EndProject
Project("{FAE04EC0-301F-11D3-BF4B-00C04F79EFBC}") = "Tyuiu.SorokinMA.Sprint4.Task3.V14.Lib", "Tyuiu.SorokinMA.Sprint4.Task3.V14.Lib\Tyuiu.SorokinMA.Sprint4.Task3.V14.Lib.csproj", "{4A2DD891-879E-4A82-BEF8-4F3C69C81183}"
EndProject
Project("{FAE04EC0-301F-11D3-BF4B-00C04F79EFBC}") = "Tyuiu.SorokinMA.Sprint4.Task3.V14.Test", "Tyuiu.SorokinMA.Sprint4.Task3.V14.Test\Tyuiu.SorokinMA.Sprint4.Task3.V14.Test.csproj", "{F794000E-1A20-450E-84EC-943B18E1F021}"
EndProject
Project("{2150E333-8FDC-42A3-9474-1A3956D46DE8}") = "Task4", "Task4", "{A0F5293E-9EDF-455F-B7D5-CF1FEB9515DB}"
EndProject
Project("{FAE04EC0-301F-11D3-BF4B-00C04F79EFBC}") = "Tyuiu.SorokinMA.Sprint4.Task4.V2", "Tyuiu.SorokinMA.Sprint4.Task4.V2\Tyuiu.SorokinMA.Sprint4.Task4.V2.csproj", "{DA33E612-F010-4CE4-A4B9-02E7531EE029}"
EndProject
Project("{FAE04EC0-301F-11D3-BF4B-00C04F79EFBC}") = "Tyuiu.SorokinMA.Sprint4.Task4.V2.Test", "Tyuiu.SorokinMA.Sprint4.Task4.V2.Test\Tyuiu.SorokinMA.Sprint4.Task4.V2.Test.csproj", "{1284839B-9FCD-4AB6-B0FC-2E0A6290C084}"
EndProject
Project("{FAE04EC0-301F-11D3-BF4B-00C04F79EFBC}") = "Tyuiu.SorokinMA.Sprint4.Task4.V2.Lib", "Tyuiu.SorokinMA.Sprint4.Task4.V2.Lib\Tyuiu.SorokinMA.Sprint4.Task4.V2.Lib.csproj", "{6B6EF19D-B329-4EEC-B9BB-1B0D7A814DDE}"
EndProject
Project("{2150E333-8FDC-42A3-9474-1A3956D46DE8}") = "Task5", "Task5", "{3037C56E-A2C2-41E7-AA4C-ACD50EF2A192}"
EndProject
Project("{FAE04EC0-301F-11D3-BF4B-00C04F79EFBC}") = "Tyuiu.SorokinMA.Sprint4.Task5.V4", "Tyuiu.SorokinMA.Sprint4.Task5.V4\Tyuiu.SorokinMA.Sprint4.Task5.V4.csproj", "{094D67B9-5E00-41DC-9340-AF7ED447351C}"
EndProject
Project("{FAE04EC0-301F-11D3-BF4B-00C04F79EFBC}") = "Tyuiu.SorokinMA.Sprint4.Task5.V4.Test", "Tyuiu.SorokinMA.Sprint4.Task5.V4.Test\Tyuiu.SorokinMA.Sprint4.Task5.V4.Test.csproj", "{42F28A41-72D7-429E-B0DC-8D1AC471934D}"
EndProject
Project("{FAE04EC0-301F-11D3-BF4B-00C04F79EFBC}") = "Tyuiu.SorokinMA.Sprint4.Task5.V4.Lib", "Tyuiu.SorokinMA.Sprint4.Task5.V4.Lib\Tyuiu.SorokinMA.Sprint4.Task5.V4.Lib.csproj", "{79AD3803-DD57-4A80-9F2A-23BB013185F1}"
EndProject
Global
	GlobalSection(SolutionConfigurationPlatforms) = preSolution
		Debug|Any CPU = Debug|Any CPU
		Release|Any CPU = Release|Any CPU
	EndGlobalSection
	GlobalSection(ProjectConfigurationPlatforms) = postSolution
		{45CF6A10-DDEF-4083-B569-6E9261700384}.Debug|Any CPU.ActiveCfg = Debug|Any CPU
		{45CF6A10-DDEF-4083-B569-6E9261700384}.Debug|Any CPU.Build.0 = Debug|Any CPU
		{45CF6A10-DDEF-4083-B569-6E9261700384}.Release|Any CPU.ActiveCfg = Release|Any CPU
		{45CF6A10-DDEF-4083-B569-6E9261700384}.Release|Any CPU.Build.0 = Release|Any CPU
		{3760078C-C009-4EF9-90CC-4F50521D6248}.Debug|Any CPU.ActiveCfg = Debug|Any CPU
		{3760078C-C009-4EF9-90CC-4F50521D6248}.Debug|Any CPU.Build.0 = Debug|Any CPU
		{3760078C-C009-4EF9-90CC-4F50521D6248}.Release|Any CPU.ActiveCfg = Release|Any CPU
		{3760078C-C009-4EF9-90CC-4F50521D6248}.Release|Any CPU.Build.0 = Release|Any CPU
		{AAF4E90B-07C3-41BC-B652-32F655C7DC80}.Debug|Any CPU.ActiveCfg = Debug|Any CPU
		{AAF4E90B-07C3-41BC-B652-32F655C7DC80}.Debug|Any CPU.Build.0 = Debug|Any CPU
		{AAF4E90B-07C3-41BC-B652-32F655C7DC80}.Release|Any CPU.ActiveCfg = Release|Any CPU
		{AAF4E90B-07C3-41BC-B652-32F655C7DC80}.Release|Any CPU.Build.0 = Release|Any CPU
		{91FC29B1-B3C2-4F6A-ABD5-37FD9C9B9DDA}.Debug|Any CPU.ActiveCfg = Debug|Any CPU
		{91FC29B1-B3C2-4F6A-ABD5-37FD9C9B9DDA}.Debug|Any CPU.Build.0 = Debug|Any CPU
		{91FC29B1-B3C2-4F6A-ABD5-37FD9C9B9DDA}.Release|Any CPU.ActiveCfg = Release|Any CPU
		{91FC29B1-B3C2-4F6A-ABD5-37FD9C9B9DDA}.Release|Any CPU.Build.0 = Release|Any CPU
		{0D23D278-7C23-4769-A932-BDF1025CBA7C}.Debug|Any CPU.ActiveCfg = Debug|Any CPU
		{0D23D278-7C23-4769-A932-BDF1025CBA7C}.Debug|Any CPU.Build.0 = Debug|Any CPU
		{0D23D278-7C23-4769-A932-BDF1025CBA7C}.Release|Any CPU.ActiveCfg = Release|Any CPU
		{0D23D278-7C23-4769-A932-BDF1025CBA7C}.Release|Any CPU.Build.0 = Release|Any CPU
		{DE285FA7-455C-4F07-B03C-930B85C365AD}.Debug|Any CPU.ActiveCfg = Debug|Any CPU
		{DE285FA7-455C-4F07-B03C-930B85C365AD}.Debug|Any CPU.Build.0 = Debug|Any CPU
		{DE285FA7-455C-4F07-B03C-930B85C365AD}.Release|Any CPU.ActiveCfg = Release|Any CPU
		{DE285FA7-455C-4F07-B03C-930B85C365AD}.Release|Any CPU.Build.0 = Release|Any CPU
		{2ECDBF06-93A4-4F0A-A064-78D6B238F83D}.Debug|Any CPU.ActiveCfg = Debug|Any CPU
		{2ECDBF06-93A4-4F0A-A064-78D6B238F83D}.Debug|Any CPU.Build.0 = Debug|Any CPU
		{2ECDBF06-93A4-4F0A-A064-78D6B238F83D}.Release|Any CPU.ActiveCfg = Release|Any CPU
		{2ECDBF06-93A4-4F0A-A064-78D6B238F83D}.Release|Any CPU.Build.0 = Release|Any CPU
		{3A659AA4-FABB-4EC1-959F-6FD699023818}.Debug|Any CPU.ActiveCfg = Debug|Any CPU
		{3A659AA4-FABB-4EC1-959F-6FD699023818}.Debug|Any CPU.Build.0 = Debug|Any CPU
		{3A659AA4-FABB-4EC1-959F-6FD699023818}.Release|Any CPU.ActiveCfg = Release|Any CPU
		{3A659AA4-FABB-4EC1-959F-6FD699023818}.Release|Any CPU.Build.0 = Release|Any CPU
		{B1A1198F-5834-49DD-8A55-2A1B39692895}.Debug|Any CPU.ActiveCfg = Debug|Any CPU
		{B1A1198F-5834-49DD-8A55-2A1B39692895}.Debug|Any CPU.Build.0 = Debug|Any CPU
		{B1A1198F-5834-49DD-8A55-2A1B39692895}.Release|Any CPU.ActiveCfg = Release|Any CPU
		{B1A1198F-5834-49DD-8A55-2A1B39692895}.Release|Any CPU.Build.0 = Release|Any CPU
		{35568F63-9BB3-4FAD-9784-42C91D39AD8B}.Debug|Any CPU.ActiveCfg = Debug|Any CPU
		{35568F63-9BB3-4FAD-9784-42C91D39AD8B}.Debug|Any CPU.Build.0 = Debug|Any CPU
		{35568F63-9BB3-4FAD-9784-42C91D39AD8B}.Release|Any CPU.ActiveCfg = Release|Any CPU
		{35568F63-9BB3-4FAD-9784-42C91D39AD8B}.Release|Any CPU.Build.0 = Release|Any CPU
		{4A2DD891-879E-4A82-BEF8-4F3C69C81183}.Debug|Any CPU.ActiveCfg = Debug|Any CPU
		{4A2DD891-879E-4A82-BEF8-4F3C69C81183}.Debug|Any CPU.Build.0 = Debug|Any CPU
		{4A2DD891-879E-4A82-BEF8-4F3C69C81183}.Release|Any CPU.ActiveCfg = Release|Any CPU
		{4A2DD891-879E-4A82-BEF8-4F3C69C81183}.Release|Any CPU.Build.0 = Release|Any CPU
		{F794000E-1A20-450E-84EC-943B18E1F021}.Debug|Any CPU.ActiveCfg = Debug|Any CPU
		{F794000E-1A20-450E-84EC-943B18E1F021}.Debug|Any CPU.Build.0 = Debug|Any CPU
		{F794000E-1A20-450E-84EC-943B18E1F021}.Release|Any CPU.ActiveCfg = Release|Any CPU
		{F794000E-1A20-450E-84EC-943B18E1F021}.Release|Any CPU.Build.0 = Release|Any CPU
		{DA33E612-F010-4CE4-A4B9-02E7531EE029}.Debug|Any CPU.ActiveCfg = Debug|Any CPU
		{DA33E612-F010-4CE4-A4B9-02E7531EE029}.Debug|Any CPU.Build.0 = Debug|Any CPU
		{DA33E612-F010-4CE4-A4B9-02E7531EE029}.Release|Any CPU.ActiveCfg = Release|Any CPU
		{DA33E612-F010-4CE4-A4B9-02E7531EE029}.Release|Any CPU.Build.0 = Release|Any CPU
		{1284839B-9FCD-4AB6-B0FC-2E0A6290C084}.Debug|Any CPU.ActiveCfg = Debug|Any CPU
		{1284839B-9FCD-4AB6-B0FC-2E0A6290C084}.Debug|Any CPU.Build.0 = Debug|Any CPU
		{1284839B-9FCD-4AB6-B0FC-2E0A6290C084}.Release|Any CPU.ActiveCfg = Release|Any CPU
		{1284839B-9FCD-4AB6-B0FC-2E0A6290C084}.Release|Any CPU.Build.0 = Release|Any CPU
		{6B6EF19D-B329-4EEC-B9BB-1B0D7A814DDE}.Debug|Any CPU.ActiveCfg = Debug|Any CPU
		{6B6EF19D-B329-4EEC-B9BB-1B0D7A814DDE}.Debug|Any CPU.Build.0 = Debug|Any CPU
		{6B6EF19D-B329-4EEC-B9BB-1B0D7A814DDE}.Release|Any CPU.ActiveCfg = Release|Any CPU
		{6B6EF19D-B329-4EEC-B9BB-1B0D7A814DDE}.Release|Any CPU.Build.0 = Release|Any CPU
		{094D67B9-5E00-41DC-9340-AF7ED447351C}.Debug|Any CPU.ActiveCfg = Debug|Any CPU
		{094D67B9-5E00-41DC-9340-AF7ED447351C}.Debug|Any CPU.Build.0 = Debug|Any CPU
		{094D67B9-5E00-41DC-9340-AF7ED447351C}.Release|Any CPU.ActiveCfg = Release|Any CPU
		{094D67B9-5E00-41DC-9340-AF7ED447351C}.Release|Any CPU.Build.0 = Release|Any CPU
		{42F28A41-72D7-429E-B0DC-8D1AC471934D}.Debug|Any CPU.ActiveCfg = Debug|Any CPU
		{42F28A41-72D7-429E-B0DC-8D1AC471934D}.Debug|Any CPU.Build.0 = Debug|Any CPU
		{42F28A41-72D7-429E-B0DC-8D1AC471934D}.Release|Any CPU.ActiveCfg = Release|Any CPU
		{42F28A41-72D7-429E-B0DC-8D1AC471934D}.Release|Any CPU.Build.0 = Release|Any CPU
		{79AD3803-DD57-4A80-9F2A-23BB013185F1}.Debug|Any CPU.ActiveCfg = Debug|Any CPU
		{79AD3803-DD57-4A80-9F2A-23BB013185F1}.Debug|Any CPU.Build.0 = Debug|Any CPU
		{79AD3803-DD57-4A80-9F2A-23BB013185F1}.Release|Any CPU.ActiveCfg = Release|Any CPU
		{79AD3803-DD57-4A80-9F2A-23BB013185F1}.Release|Any CPU.Build.0 = Release|Any CPU
	EndGlobalSection
	GlobalSection(SolutionProperties) = preSolution
		HideSolutionNode = FALSE
	EndGlobalSection
	GlobalSection(NestedProjects) = preSolution
		{45CF6A10-DDEF-4083-B569-6E9261700384} = {D135A204-B57D-4124-BAB5-4EAAA32EE995}
		{3760078C-C009-4EF9-90CC-4F50521D6248} = {D135A204-B57D-4124-BAB5-4EAAA32EE995}
		{AAF4E90B-07C3-41BC-B652-32F655C7DC80} = {D135A204-B57D-4124-BAB5-4EAAA32EE995}
		{91FC29B1-B3C2-4F6A-ABD5-37FD9C9B9DDA} = {E8D64BE5-C9E2-4CAB-A806-F1E29BFBB6D9}
		{0D23D278-7C23-4769-A932-BDF1025CBA7C} = {E8D64BE5-C9E2-4CAB-A806-F1E29BFBB6D9}
		{DE285FA7-455C-4F07-B03C-930B85C365AD} = {E8D64BE5-C9E2-4CAB-A806-F1E29BFBB6D9}
		{2ECDBF06-93A4-4F0A-A064-78D6B238F83D} = {3D389A6C-0A15-4760-A601-48F0A6C9163D}
		{3A659AA4-FABB-4EC1-959F-6FD699023818} = {3D389A6C-0A15-4760-A601-48F0A6C9163D}
		{B1A1198F-5834-49DD-8A55-2A1B39692895} = {3D389A6C-0A15-4760-A601-48F0A6C9163D}
		{35568F63-9BB3-4FAD-9784-42C91D39AD8B} = {BA55B460-A05B-4532-AD93-CA6EAF69A28C}
		{4A2DD891-879E-4A82-BEF8-4F3C69C81183} = {BA55B460-A05B-4532-AD93-CA6EAF69A28C}
		{F794000E-1A20-450E-84EC-943B18E1F021} = {BA55B460-A05B-4532-AD93-CA6EAF69A28C}
		{DA33E612-F010-4CE4-A4B9-02E7531EE029} = {A0F5293E-9EDF-455F-B7D5-CF1FEB9515DB}
		{1284839B-9FCD-4AB6-B0FC-2E0A6290C084} = {A0F5293E-9EDF-455F-B7D5-CF1FEB9515DB}
		{6B6EF19D-B329-4EEC-B9BB-1B0D7A814DDE} = {A0F5293E-9EDF-455F-B7D5-CF1FEB9515DB}
		{094D67B9-5E00-41DC-9340-AF7ED447351C} = {3037C56E-A2C2-41E7-AA4C-ACD50EF2A192}
		{42F28A41-72D7-429E-B0DC-8D1AC471934D} = {3037C56E-A2C2-41E7-AA4C-ACD50EF2A192}
		{79AD3803-DD57-4A80-9F2A-23BB013185F1} = {3037C56E-A2C2-41E7-AA4C-ACD50EF2A192}
	EndGlobalSection
	GlobalSection(ExtensibilityGlobals) = postSolution
		SolutionGuid = {6628F28C-301C-4AEC-B08C-12C1E021C8EE}
	EndGlobalSection
EndGlobal
